
Microsoft Visual Studio Solution File, Format Version 12.00
# Visual Studio Version 17
VisualStudioVersion = 17.2.32630.192
MinimumVisualStudioVersion = 10.0.40219.1
Project("{9A19103F-16F7-4668-BE54-9A1E7A4F7556}") = "PDFViewerWebService", "PDFViewerWebService.csproj", "{55DC3705-FE29-485B-828B-AC3F6DA390DB}"
EndProject
Global
	GlobalSection(SolutionConfigurationPlatforms) = preSolution
		Debug|Any CPU = Debug|Any CPU
		Release|Any CPU = Release|Any CPU
	EndGlobalSection
	GlobalSection(ProjectConfigurationPlatforms) = postSolution
		{55DC3705-FE29-485B-828B-AC3F6DA390DB}.Debug|Any CPU.ActiveCfg = Debug|Any CPU
		{55DC3705-FE29-485B-828B-AC3F6DA390DB}.Debug|Any CPU.Build.0 = Debug|Any CPU
		{55DC3705-FE29-485B-828B-AC3F6DA390DB}.Release|Any CPU.ActiveCfg = Release|Any CPU
		{55DC3705-FE29-485B-828B-AC3F6DA390DB}.Release|Any CPU.Build.0 = Release|Any CPU
	EndGlobalSection
	GlobalSection(SolutionProperties) = preSolution
		HideSolutionNode = FALSE
	EndGlobalSection
	GlobalSection(ExtensibilityGlobals) = postSolution
		SolutionGuid = {BC9AF029-656D-4F9F-B72C-BA331B65154C}
	EndGlobalSection
EndGlobal
