
Microsoft Visual Studio Solution File, Format Version 12.00
# Visual Studio Version 17
VisualStudioVersion = 17.5.33627.172
MinimumVisualStudioVersion = 10.0.40219.1
Project("{9A19103F-16F7-4668-BE54-9A1E7A4F7556}") = "WebService", "WebService.csproj", "{A8F9FCF8-EDDB-4546-8201-939E4C557AA8}"
EndProject
Global
	GlobalSection(SolutionConfigurationPlatforms) = preSolution
		Debug|Any CPU = Debug|Any CPU
		Release|Any CPU = Release|Any CPU
	EndGlobalSection
	GlobalSection(ProjectConfigurationPlatforms) = postSolution
		{A8F9FCF8-EDDB-4546-8201-939E4C557AA8}.Debug|Any CPU.ActiveCfg = Debug|Any CPU
		{A8F9FCF8-EDDB-4546-8201-939E4C557AA8}.Debug|Any CPU.Build.0 = Debug|Any CPU
		{A8F9FCF8-EDDB-4546-8201-939E4C557AA8}.Release|Any CPU.ActiveCfg = Release|Any CPU
		{A8F9FCF8-EDDB-4546-8201-939E4C557AA8}.Release|Any CPU.Build.0 = Release|Any CPU
	EndGlobalSection
	GlobalSection(SolutionProperties) = preSolution
		HideSolutionNode = FALSE
	EndGlobalSection
	GlobalSection(ExtensibilityGlobals) = postSolution
		SolutionGuid = {BF6CA4D2-F136-4CF8-BABD-76383C0016EC}
	EndGlobalSection
EndGlobal
